
Microsoft Visual Studio Solution File, Format Version 12.00
# Visual Studio Version 16
VisualStudioVersion = 16.0.30914.41
MinimumVisualStudioVersion = 10.0.40219.1
Project("{9A19103F-16F7-4668-BE54-9A1E7A4F7556}") = "webAPI", "webAPI\webAPI.csproj", "{1621C2B8-D94A-451A-9393-2490101062FD}"
EndProject
Project("{9A19103F-16F7-4668-BE54-9A1E7A4F7556}") = "webApp", "webApp\webApp.csproj", "{2F727E1C-49A5-41CB-BCED-13D2F4513A5B}"
EndProject
Project("{FAE04EC0-301F-11D3-BF4B-00C04F79EFBC}") = "WebAppWithModelConsumption", "WebAppWithModelConsumption\WebAppWithModelConsumption.csproj", "{97025378-4DB0-4354-BD42-B2DB97772312}"
EndProject
Global
	GlobalSection(SolutionConfigurationPlatforms) = preSolution
		Debug|Any CPU = Debug|Any CPU
		Release|Any CPU = Release|Any CPU
	EndGlobalSection
	GlobalSection(ProjectConfigurationPlatforms) = postSolution
		{1621C2B8-D94A-451A-9393-2490101062FD}.Debug|Any CPU.ActiveCfg = Debug|Any CPU
		{1621C2B8-D94A-451A-9393-2490101062FD}.Debug|Any CPU.Build.0 = Debug|Any CPU
		{1621C2B8-D94A-451A-9393-2490101062FD}.Release|Any CPU.ActiveCfg = Release|Any CPU
		{1621C2B8-D94A-451A-9393-2490101062FD}.Release|Any CPU.Build.0 = Release|Any CPU
		{2F727E1C-49A5-41CB-BCED-13D2F4513A5B}.Debug|Any CPU.ActiveCfg = Debug|Any CPU
		{2F727E1C-49A5-41CB-BCED-13D2F4513A5B}.Debug|Any CPU.Build.0 = Debug|Any CPU
		{2F727E1C-49A5-41CB-BCED-13D2F4513A5B}.Release|Any CPU.ActiveCfg = Release|Any CPU
		{2F727E1C-49A5-41CB-BCED-13D2F4513A5B}.Release|Any CPU.Build.0 = Release|Any CPU
		{97025378-4DB0-4354-BD42-B2DB97772312}.Debug|Any CPU.ActiveCfg = Debug|Any CPU
		{97025378-4DB0-4354-BD42-B2DB97772312}.Debug|Any CPU.Build.0 = Debug|Any CPU
		{97025378-4DB0-4354-BD42-B2DB97772312}.Release|Any CPU.ActiveCfg = Release|Any CPU
		{97025378-4DB0-4354-BD42-B2DB97772312}.Release|Any CPU.Build.0 = Release|Any CPU
	EndGlobalSection
	GlobalSection(SolutionProperties) = preSolution
		HideSolutionNode = FALSE
	EndGlobalSection
	GlobalSection(ExtensibilityGlobals) = postSolution
		SolutionGuid = {0667FE88-030C-40FD-88C7-E06DFC607F28}
	EndGlobalSection
EndGlobal
